
Microsoft Visual Studio Solution File, Format Version 12.00
# Visual Studio Version 17
VisualStudioVersion = 17.11.35219.272
MinimumVisualStudioVersion = 10.0.40219.1
Project("{FAE04EC0-301F-11D3-BF4B-00C04F79EFBC}") = "01_Ders", "01_Ders\01_Ders.csproj", "{110F8BB2-676B-4AD8-ACAE-780AA4691763}"
EndProject
Project("{FAE04EC0-301F-11D3-BF4B-00C04F79EFBC}") = "02_Ders", "02_Ders\02_Ders.csproj", "{9BF8D0D2-0B62-41B0-BF35-48A0EC01E989}"
EndProject
Project("{FAE04EC0-301F-11D3-BF4B-00C04F79EFBC}") = "03_Ders", "03_Ders\03_Ders.csproj", "{ABB14397-F7BC-4B74-BA27-CD4B1701DBFA}"
EndProject
Project("{FAE04EC0-301F-11D3-BF4B-00C04F79EFBC}") = "04_Ders", "04_Ders\04_Ders.csproj", "{1F505FE8-0191-4DE0-A9EF-B7A77D8D37A9}"
EndProject
Project("{FAE04EC0-301F-11D3-BF4B-00C04F79EFBC}") = "05_Ders", "05_Ders\05_Ders.csproj", "{2ACB8DE1-4CB5-4EB4-B2C6-A946A7256572}"
EndProject
Project("{FAE04EC0-301F-11D3-BF4B-00C04F79EFBC}") = "06_Ders", "06_Ders\06_Ders.csproj", "{2C4A030A-02DD-48D2-B462-DDB6BCCA56E5}"
EndProject
Project("{FAE04EC0-301F-11D3-BF4B-00C04F79EFBC}") = "07_Ders", "07_Ders\07_Ders.csproj", "{30BDACA8-58BB-4E01-9DD6-DF9DB8089666}"
EndProject
Project("{FAE04EC0-301F-11D3-BF4B-00C04F79EFBC}") = "08_Ders", "08_Ders\08_Ders.csproj", "{A13C7D27-E4E9-4081-813D-E9B31C918258}"
EndProject
Project("{FAE04EC0-301F-11D3-BF4B-00C04F79EFBC}") = "09_Ders", "09_Ders\09_Ders.csproj", "{3E532E10-010C-43A6-BEAD-4C3670A940DB}"
EndProject
Project("{FAE04EC0-301F-11D3-BF4B-00C04F79EFBC}") = "10_Ders", "10_Ders\10_Ders.csproj", "{92E8B0DE-6B3A-402F-A0E7-6FD21D9A8D6F}"
EndProject
Global
	GlobalSection(SolutionConfigurationPlatforms) = preSolution
		Debug|Any CPU = Debug|Any CPU
		Release|Any CPU = Release|Any CPU
	EndGlobalSection
	GlobalSection(ProjectConfigurationPlatforms) = postSolution
		{110F8BB2-676B-4AD8-ACAE-780AA4691763}.Debug|Any CPU.ActiveCfg = Debug|Any CPU
		{110F8BB2-676B-4AD8-ACAE-780AA4691763}.Debug|Any CPU.Build.0 = Debug|Any CPU
		{110F8BB2-676B-4AD8-ACAE-780AA4691763}.Release|Any CPU.ActiveCfg = Release|Any CPU
		{110F8BB2-676B-4AD8-ACAE-780AA4691763}.Release|Any CPU.Build.0 = Release|Any CPU
		{9BF8D0D2-0B62-41B0-BF35-48A0EC01E989}.Debug|Any CPU.ActiveCfg = Debug|Any CPU
		{9BF8D0D2-0B62-41B0-BF35-48A0EC01E989}.Debug|Any CPU.Build.0 = Debug|Any CPU
		{9BF8D0D2-0B62-41B0-BF35-48A0EC01E989}.Release|Any CPU.ActiveCfg = Release|Any CPU
		{9BF8D0D2-0B62-41B0-BF35-48A0EC01E989}.Release|Any CPU.Build.0 = Release|Any CPU
		{ABB14397-F7BC-4B74-BA27-CD4B1701DBFA}.Debug|Any CPU.ActiveCfg = Debug|Any CPU
		{ABB14397-F7BC-4B74-BA27-CD4B1701DBFA}.Debug|Any CPU.Build.0 = Debug|Any CPU
		{ABB14397-F7BC-4B74-BA27-CD4B1701DBFA}.Release|Any CPU.ActiveCfg = Release|Any CPU
		{ABB14397-F7BC-4B74-BA27-CD4B1701DBFA}.Release|Any CPU.Build.0 = Release|Any CPU
		{1F505FE8-0191-4DE0-A9EF-B7A77D8D37A9}.Debug|Any CPU.ActiveCfg = Debug|Any CPU
		{1F505FE8-0191-4DE0-A9EF-B7A77D8D37A9}.Debug|Any CPU.Build.0 = Debug|Any CPU
		{1F505FE8-0191-4DE0-A9EF-B7A77D8D37A9}.Release|Any CPU.ActiveCfg = Release|Any CPU
		{1F505FE8-0191-4DE0-A9EF-B7A77D8D37A9}.Release|Any CPU.Build.0 = Release|Any CPU
		{2ACB8DE1-4CB5-4EB4-B2C6-A946A7256572}.Debug|Any CPU.ActiveCfg = Debug|Any CPU
		{2ACB8DE1-4CB5-4EB4-B2C6-A946A7256572}.Debug|Any CPU.Build.0 = Debug|Any CPU
		{2ACB8DE1-4CB5-4EB4-B2C6-A946A7256572}.Release|Any CPU.ActiveCfg = Release|Any CPU
		{2ACB8DE1-4CB5-4EB4-B2C6-A946A7256572}.Release|Any CPU.Build.0 = Release|Any CPU
		{2C4A030A-02DD-48D2-B462-DDB6BCCA56E5}.Debug|Any CPU.ActiveCfg = Debug|Any CPU
		{2C4A030A-02DD-48D2-B462-DDB6BCCA56E5}.Debug|Any CPU.Build.0 = Debug|Any CPU
		{2C4A030A-02DD-48D2-B462-DDB6BCCA56E5}.Release|Any CPU.ActiveCfg = Release|Any CPU
		{2C4A030A-02DD-48D2-B462-DDB6BCCA56E5}.Release|Any CPU.Build.0 = Release|Any CPU
		{30BDACA8-58BB-4E01-9DD6-DF9DB8089666}.Debug|Any CPU.ActiveCfg = Debug|Any CPU
		{30BDACA8-58BB-4E01-9DD6-DF9DB8089666}.Debug|Any CPU.Build.0 = Debug|Any CPU
		{30BDACA8-58BB-4E01-9DD6-DF9DB8089666}.Release|Any CPU.ActiveCfg = Release|Any CPU
		{30BDACA8-58BB-4E01-9DD6-DF9DB8089666}.Release|Any CPU.Build.0 = Release|Any CPU
		{A13C7D27-E4E9-4081-813D-E9B31C918258}.Debug|Any CPU.ActiveCfg = Debug|Any CPU
		{A13C7D27-E4E9-4081-813D-E9B31C918258}.Debug|Any CPU.Build.0 = Debug|Any CPU
		{A13C7D27-E4E9-4081-813D-E9B31C918258}.Release|Any CPU.ActiveCfg = Release|Any CPU
		{A13C7D27-E4E9-4081-813D-E9B31C918258}.Release|Any CPU.Build.0 = Release|Any CPU
		{3E532E10-010C-43A6-BEAD-4C3670A940DB}.Debug|Any CPU.ActiveCfg = Debug|Any CPU
		{3E532E10-010C-43A6-BEAD-4C3670A940DB}.Debug|Any CPU.Build.0 = Debug|Any CPU
		{3E532E10-010C-43A6-BEAD-4C3670A940DB}.Release|Any CPU.ActiveCfg = Release|Any CPU
		{3E532E10-010C-43A6-BEAD-4C3670A940DB}.Release|Any CPU.Build.0 = Release|Any CPU
		{92E8B0DE-6B3A-402F-A0E7-6FD21D9A8D6F}.Debug|Any CPU.ActiveCfg = Debug|Any CPU
		{92E8B0DE-6B3A-402F-A0E7-6FD21D9A8D6F}.Debug|Any CPU.Build.0 = Debug|Any CPU
		{92E8B0DE-6B3A-402F-A0E7-6FD21D9A8D6F}.Release|Any CPU.ActiveCfg = Release|Any CPU
		{92E8B0DE-6B3A-402F-A0E7-6FD21D9A8D6F}.Release|Any CPU.Build.0 = Release|Any CPU
	EndGlobalSection
	GlobalSection(SolutionProperties) = preSolution
		HideSolutionNode = FALSE
	EndGlobalSection
	GlobalSection(ExtensibilityGlobals) = postSolution
		SolutionGuid = {3E18A732-6D95-46D5-B763-EFFA69E98711}
	EndGlobalSection
EndGlobal
