
Microsoft Visual Studio Solution File, Format Version 12.00
# Visual Studio Version 17
VisualStudioVersion = 17.11.35219.272
MinimumVisualStudioVersion = 10.0.40219.1
Project("{FAE04EC0-301F-11D3-BF4B-00C04F79EFBC}") = "01_Ders", "01_Ders\01_Ders.csproj", "{110F8BB2-676B-4AD8-ACAE-780AA4691763}"
EndProject
Project("{FAE04EC0-301F-11D3-BF4B-00C04F79EFBC}") = "02_Ders", "02_Ders\02_Ders.csproj", "{9BF8D0D2-0B62-41B0-BF35-48A0EC01E989}"
EndProject
Global
	GlobalSection(SolutionConfigurationPlatforms) = preSolution
		Debug|Any CPU = Debug|Any CPU
		Release|Any CPU = Release|Any CPU
	EndGlobalSection
	GlobalSection(ProjectConfigurationPlatforms) = postSolution
		{110F8BB2-676B-4AD8-ACAE-780AA4691763}.Debug|Any CPU.ActiveCfg = Debug|Any CPU
		{110F8BB2-676B-4AD8-ACAE-780AA4691763}.Debug|Any CPU.Build.0 = Debug|Any CPU
		{110F8BB2-676B-4AD8-ACAE-780AA4691763}.Release|Any CPU.ActiveCfg = Release|Any CPU
		{110F8BB2-676B-4AD8-ACAE-780AA4691763}.Release|Any CPU.Build.0 = Release|Any CPU
		{9BF8D0D2-0B62-41B0-BF35-48A0EC01E989}.Debug|Any CPU.ActiveCfg = Debug|Any CPU
		{9BF8D0D2-0B62-41B0-BF35-48A0EC01E989}.Debug|Any CPU.Build.0 = Debug|Any CPU
		{9BF8D0D2-0B62-41B0-BF35-48A0EC01E989}.Release|Any CPU.ActiveCfg = Release|Any CPU
		{9BF8D0D2-0B62-41B0-BF35-48A0EC01E989}.Release|Any CPU.Build.0 = Release|Any CPU
	EndGlobalSection
	GlobalSection(SolutionProperties) = preSolution
		HideSolutionNode = FALSE
	EndGlobalSection
	GlobalSection(ExtensibilityGlobals) = postSolution
		SolutionGuid = {3E18A732-6D95-46D5-B763-EFFA69E98711}
	EndGlobalSection
EndGlobal
